// !$*UTF8*$!
{
	archiveVersion = 1;
	classes = {
	};
	objectVersion = 46;
	objects = {

/* Begin PBXBuildFile section */
		84D606481C8994D600CB5F43 /* AppDelegate.swift in Sources */ = {isa = PBXBuildFile; fileRef = 84D606471C8994D600CB5F43 /* AppDelegate.swift */; };
		84D6064A1C8994D600CB5F43 /* ViewController.swift in Sources */ = {isa = PBXBuildFile; fileRef = 84D606491C8994D600CB5F43 /* ViewController.swift */; };
		84D6064D1C8994D600CB5F43 /* Main.storyboard in Resources */ = {isa = PBXBuildFile; fileRef = 84D6064B1C8994D600CB5F43 /* Main.storyboard */; };
		84D6064F1C8994D600CB5F43 /* Assets.xcassets in Resources */ = {isa = PBXBuildFile; fileRef = 84D6064E1C8994D600CB5F43 /* Assets.xcassets */; };
		84D606521C8994D600CB5F43 /* LaunchScreen.storyboard in Resources */ = {isa = PBXBuildFile; fileRef = 84D606501C8994D600CB5F43 /* LaunchScreen.storyboard */; };
		84D6065D1C8994D600CB5F43 /* swift_web_requestTests.swift in Sources */ = {isa = PBXBuildFile; fileRef = 84D6065C1C8994D600CB5F43 /* swift_web_requestTests.swift */; };
		84D606681C8994D600CB5F43 /* swift_web_requestUITests.swift in Sources */ = {isa = PBXBuildFile; fileRef = 84D606671C8994D600CB5F43 /* swift_web_requestUITests.swift */; };
		84D606771C89B34400CB5F43 /* SWperson.swift in Sources */ = {isa = PBXBuildFile; fileRef = 84D606761C89B34400CB5F43 /* SWperson.swift */; };
/* End PBXBuildFile section */

/* Begin PBXContainerItemProxy section */
		84D606591C8994D600CB5F43 /* PBXContainerItemProxy */ = {
			isa = PBXContainerItemProxy;
			containerPortal = 84D6063C1C8994D600CB5F43 /* Project object */;
			proxyType = 1;
			remoteGlobalIDString = 84D606431C8994D600CB5F43;
			remoteInfo = "swift-web-request";
		};
		84D606641C8994D600CB5F43 /* PBXContainerItemProxy */ = {
			isa = PBXContainerItemProxy;
			containerPortal = 84D6063C1C8994D600CB5F43 /* Project object */;
			proxyType = 1;
			remoteGlobalIDString = 84D606431C8994D600CB5F43;
			remoteInfo = "swift-web-request";
		};
/* End PBXContainerItemProxy section */

/* Begin PBXFileReference section */
		84D606441C8994D600CB5F43 /* swift-web-request.app */ = {isa = PBXFileReference; explicitFileType = wrapper.application; includeInIndex = 0; path = "swift-web-request.app"; sourceTree = BUILT_PRODUCTS_DIR; };
		84D606471C8994D600CB5F43 /* AppDelegate.swift */ = {isa = PBXFileReference; lastKnownFileType = sourcecode.swift; path = AppDelegate.swift; sourceTree = "<group>"; };
		84D606491C8994D600CB5F43 /* ViewController.swift */ = {isa = PBXFileReference; lastKnownFileType = sourcecode.swift; path = ViewController.swift; sourceTree = "<group>"; };
		84D6064C1C8994D600CB5F43 /* Base */ = {isa = PBXFileReference; lastKnownFileType = file.storyboard; name = Base; path = Base.lproj/Main.storyboard; sourceTree = "<group>"; };
		84D6064E1C8994D600CB5F43 /* Assets.xcassets */ = {isa = PBXFileReference; lastKnownFileType = folder.assetcatalog; path = Assets.xcassets; sourceTree = "<group>"; };
		84D606511C8994D600CB5F43 /* Base */ = {isa = PBXFileReference; lastKnownFileType = file.storyboard; name = Base; path = Base.lproj/LaunchScreen.storyboard; sourceTree = "<group>"; };
		84D606531C8994D600CB5F43 /* Info.plist */ = {isa = PBXFileReference; lastKnownFileType = text.plist.xml; path = Info.plist; sourceTree = "<group>"; };
		84D606581C8994D600CB5F43 /* swift-web-requestTests.xctest */ = {isa = PBXFileReference; explicitFileType = wrapper.cfbundle; includeInIndex = 0; path = "swift-web-requestTests.xctest"; sourceTree = BUILT_PRODUCTS_DIR; };
		84D6065C1C8994D600CB5F43 /* swift_web_requestTests.swift */ = {isa = PBXFileReference; lastKnownFileType = sourcecode.swift; path = swift_web_requestTests.swift; sourceTree = "<group>"; };
		84D6065E1C8994D600CB5F43 /* Info.plist */ = {isa = PBXFileReference; lastKnownFileType = text.plist.xml; path = Info.plist; sourceTree = "<group>"; };
		84D606631C8994D600CB5F43 /* swift-web-requestUITests.xctest */ = {isa = PBXFileReference; explicitFileType = wrapper.cfbundle; includeInIndex = 0; path = "swift-web-requestUITests.xctest"; sourceTree = BUILT_PRODUCTS_DIR; };
		84D606671C8994D600CB5F43 /* swift_web_requestUITests.swift */ = {isa = PBXFileReference; lastKnownFileType = sourcecode.swift; path = swift_web_requestUITests.swift; sourceTree = "<group>"; };
		84D606691C8994D600CB5F43 /* Info.plist */ = {isa = PBXFileReference; lastKnownFileType = text.plist.xml; path = Info.plist; sourceTree = "<group>"; };
		84D606761C89B34400CB5F43 /* SWperson.swift */ = {isa = PBXFileReference; fileEncoding = 4; lastKnownFileType = sourcecode.swift; path = SWperson.swift; sourceTree = "<group>"; };
/* End PBXFileReference section */

/* Begin PBXFrameworksBuildPhase section */
		84D606411C8994D600CB5F43 /* Frameworks */ = {
			isa = PBXFrameworksBuildPhase;
			buildActionMask = 2147483647;
			files = (
			);
			runOnlyForDeploymentPostprocessing = 0;
		};
		84D606551C8994D600CB5F43 /* Frameworks */ = {
			isa = PBXFrameworksBuildPhase;
			buildActionMask = 2147483647;
			files = (
			);
			runOnlyForDeploymentPostprocessing = 0;
		};
		84D606601C8994D600CB5F43 /* Frameworks */ = {
			isa = PBXFrameworksBuildPhase;
			buildActionMask = 2147483647;
			files = (
			);
			runOnlyForDeploymentPostprocessing = 0;
		};
/* End PBXFrameworksBuildPhase section */

/* Begin PBXGroup section */
		84D6063B1C8994D600CB5F43 = {
			isa = PBXGroup;
			children = (
				84D606751C89B32400CB5F43 /* Model */,
				84D606461C8994D600CB5F43 /* swift-web-request */,
				84D6065B1C8994D600CB5F43 /* swift-web-requestTests */,
				84D606661C8994D600CB5F43 /* swift-web-requestUITests */,
				84D606451C8994D600CB5F43 /* Products */,
			);
			sourceTree = "<group>";
		};
		84D606451C8994D600CB5F43 /* Products */ = {
			isa = PBXGroup;
			children = (
				84D606441C8994D600CB5F43 /* swift-web-request.app */,
				84D606581C8994D600CB5F43 /* swift-web-requestTests.xctest */,
				84D606631C8994D600CB5F43 /* swift-web-requestUITests.xctest */,
			);
			name = Products;
			sourceTree = "<group>";
		};
		84D606461C8994D600CB5F43 /* swift-web-request */ = {
			isa = PBXGroup;
			children = (
				84D606471C8994D600CB5F43 /* AppDelegate.swift */,
				84D606491C8994D600CB5F43 /* ViewController.swift */,
				84D6064B1C8994D600CB5F43 /* Main.storyboard */,
				84D6064E1C8994D600CB5F43 /* Assets.xcassets */,
				84D606501C8994D600CB5F43 /* LaunchScreen.storyboard */,
				84D606531C8994D600CB5F43 /* Info.plist */,
			);
			path = "swift-web-request";
			sourceTree = "<group>";
		};
		84D6065B1C8994D600CB5F43 /* swift-web-requestTests */ = {
			isa = PBXGroup;
			children = (
				84D6065C1C8994D600CB5F43 /* swift_web_requestTests.swift */,
				84D6065E1C8994D600CB5F43 /* Info.plist */,
			);
			path = "swift-web-requestTests";
			sourceTree = "<group>";
		};
		84D606661C8994D600CB5F43 /* swift-web-requestUITests */ = {
			isa = PBXGroup;
			children = (
				84D606671C8994D600CB5F43 /* swift_web_requestUITests.swift */,
				84D606691C8994D600CB5F43 /* Info.plist */,
			);
			path = "swift-web-requestUITests";
			sourceTree = "<group>";
		};
		84D606751C89B32400CB5F43 /* Model */ = {
			isa = PBXGroup;
			children = (
				84D606761C89B34400CB5F43 /* SWperson.swift */,
			);
			name = Model;
			sourceTree = "<group>";
		};
/* End PBXGroup section */

/* Begin PBXNativeTarget section */
		84D606431C8994D600CB5F43 /* swift-web-request */ = {
			isa = PBXNativeTarget;
			buildConfigurationList = 84D6066C1C8994D600CB5F43 /* Build configuration list for PBXNativeTarget "swift-web-request" */;
			buildPhases = (
				84D606401C8994D600CB5F43 /* Sources */,
				84D606411C8994D600CB5F43 /* Frameworks */,
				84D606421C8994D600CB5F43 /* Resources */,
			);
			buildRules = (
			);
			dependencies = (
			);
			name = "swift-web-request";
			productName = "swift-web-request";
			productReference = 84D606441C8994D600CB5F43 /* swift-web-request.app */;
			productType = "com.apple.product-type.application";
		};
		84D606571C8994D600CB5F43 /* swift-web-requestTests */ = {
			isa = PBXNativeTarget;
			buildConfigurationList = 84D6066F1C8994D600CB5F43 /* Build configuration list for PBXNativeTarget "swift-web-requestTests" */;
			buildPhases = (
				84D606541C8994D600CB5F43 /* Sources */,
				84D606551C8994D600CB5F43 /* Frameworks */,
				84D606561C8994D600CB5F43 /* Resources */,
			);
			buildRules = (
			);
			dependencies = (
				84D6065A1C8994D600CB5F43 /* PBXTargetDependency */,
			);
			name = "swift-web-requestTests";
			productName = "swift-web-requestTests";
			productReference = 84D606581C8994D600CB5F43 /* swift-web-requestTests.xctest */;
			productType = "com.apple.product-type.bundle.unit-test";
		};
		84D606621C8994D600CB5F43 /* swift-web-requestUITests */ = {
			isa = PBXNativeTarget;
			buildConfigurationList = 84D606721C8994D600CB5F43 /* Build configuration list for PBXNativeTarget "swift-web-requestUITests" */;
			buildPhases = (
				84D6065F1C8994D600CB5F43 /* Sources */,
				84D606601C8994D600CB5F43 /* Frameworks */,
				84D606611C8994D600CB5F43 /* Resources */,
			);
			buildRules = (
			);
			dependencies = (
				84D606651C8994D600CB5F43 /* PBXTargetDependency */,
			);
			name = "swift-web-requestUITests";
			productName = "swift-web-requestUITests";
			productReference = 84D606631C8994D600CB5F43 /* swift-web-requestUITests.xctest */;
			productType = "com.apple.product-type.bundle.ui-testing";
		};
/* End PBXNativeTarget section */

/* Begin PBXProject section */
		84D6063C1C8994D600CB5F43 /* Project object */ = {
			isa = PBXProject;
			attributes = {
				LastSwiftUpdateCheck = 0730;
				LastUpgradeCheck = 0730;
				ORGANIZATIONNAME = Admin;
				TargetAttributes = {
					84D606431C8994D600CB5F43 = {
						CreatedOnToolsVersion = 7.3;
					};
					84D606571C8994D600CB5F43 = {
						CreatedOnToolsVersion = 7.3;
						TestTargetID = 84D606431C8994D600CB5F43;
					};
					84D606621C8994D600CB5F43 = {
						CreatedOnToolsVersion = 7.3;
						TestTargetID = 84D606431C8994D600CB5F43;
					};
				};
			};
			buildConfigurationList = 84D6063F1C8994D600CB5F43 /* Build configuration list for PBXProject "swift-web-request" */;
			compatibilityVersion = "Xcode 3.2";
			developmentRegion = English;
			hasScannedForEncodings = 0;
			knownRegions = (
				en,
				Base,
			);
			mainGroup = 84D6063B1C8994D600CB5F43;
			productRefGroup = 84D606451C8994D600CB5F43 /* Products */;
			projectDirPath = "";
			projectRoot = "";
			targets = (
				84D606431C8994D600CB5F43 /* swift-web-request */,
				84D606571C8994D600CB5F43 /* swift-web-requestTests */,
				84D606621C8994D600CB5F43 /* swift-web-requestUITests */,
			);
		};
/* End PBXProject section */

/* Begin PBXResourcesBuildPhase section */
		84D606421C8994D600CB5F43 /* Resources */ = {
			isa = PBXResourcesBuildPhase;
			buildActionMask = 2147483647;
			files = (
				84D606521C8994D600CB5F43 /* LaunchScreen.storyboard in Resources */,
				84D6064F1C8994D600CB5F43 /* Assets.xcassets in Resources */,
				84D6064D1C8994D600CB5F43 /* Main.storyboard in Resources */,
			);
			runOnlyForDeploymentPostprocessing = 0;
		};
		84D606561C8994D600CB5F43 /* Resources */ = {
			isa = PBXResourcesBuildPhase;
			buildActionMask = 2147483647;
			files = (
			);
			runOnlyForDeploymentPostprocessing = 0;
		};
		84D606611C8994D600CB5F43 /* Resources */ = {
			isa = PBXResourcesBuildPhase;
			buildActionMask = 2147483647;
			files = (
			);
			runOnlyForDeploymentPostprocessing = 0;
		};
/* End PBXResourcesBuildPhase section */

/* Begin PBXSourcesBuildPhase section */
		84D606401C8994D600CB5F43 /* Sources */ = {
			isa = PBXSourcesBuildPhase;
			buildActionMask = 2147483647;
			files = (
				84D6064A1C8994D600CB5F43 /* ViewController.swift in Sources */,
				84D606771C89B34400CB5F43 /* SWperson.swift in Sources */,
				84D606481C8994D600CB5F43 /* AppDelegate.swift in Sources */,
			);
			runOnlyForDeploymentPostprocessing = 0;
		};
		84D606541C8994D600CB5F43 /* Sources */ = {
			isa = PBXSourcesBuildPhase;
			buildActionMask = 2147483647;
			files = (
				84D6065D1C8994D600CB5F43 /* swift_web_requestTests.swift in Sources */,
			);
			runOnlyForDeploymentPostprocessing = 0;
		};
		84D6065F1C8994D600CB5F43 /* Sources */ = {
			isa = PBXSourcesBuildPhase;
			buildActionMask = 2147483647;
			files = (
				84D606681C8994D600CB5F43 /* swift_web_requestUITests.swift in Sources */,
			);
			runOnlyForDeploymentPostprocessing = 0;
		};
/* End PBXSourcesBuildPhase section */

/* Begin PBXTargetDependency section */
		84D6065A1C8994D600CB5F43 /* PBXTargetDependency */ = {
			isa = PBXTargetDependency;
			target = 84D606431C8994D600CB5F43 /* swift-web-request */;
			targetProxy = 84D606591C8994D600CB5F43 /* PBXContainerItemProxy */;
		};
		84D606651C8994D600CB5F43 /* PBXTargetDependency */ = {
			isa = PBXTargetDependency;
			target = 84D606431C8994D600CB5F43 /* swift-web-request */;
			targetProxy = 84D606641C8994D600CB5F43 /* PBXContainerItemProxy */;
		};
/* End PBXTargetDependency section */

/* Begin PBXVariantGroup section */
		84D6064B1C8994D600CB5F43 /* Main.storyboard */ = {
			isa = PBXVariantGroup;
			children = (
				84D6064C1C8994D600CB5F43 /* Base */,
			);
			name = Main.storyboard;
			sourceTree = "<group>";
		};
		84D606501C8994D600CB5F43 /* LaunchScreen.storyboard */ = {
			isa = PBXVariantGroup;
			children = (
				84D606511C8994D600CB5F43 /* Base */,
			);
			name = LaunchScreen.storyboard;
			sourceTree = "<group>";
		};
/* End PBXVariantGroup section */

/* Begin XCBuildConfiguration section */
		84D6066A1C8994D600CB5F43 /* Debug */ = {
			isa = XCBuildConfiguration;
			buildSettings = {
				ALWAYS_SEARCH_USER_PATHS = NO;
				CLANG_CXX_LANGUAGE_STANDARD = "gnu++0x";
				CLANG_CXX_LIBRARY = "libc++";
				CLANG_ENABLE_MODULES = YES;
				CLANG_ENABLE_OBJC_ARC = YES;
				CLANG_WARN_BOOL_CONVERSION = YES;
				CLANG_WARN_CONSTANT_CONVERSION = YES;
				CLANG_WARN_DIRECT_OBJC_ISA_USAGE = YES_ERROR;
				CLANG_WARN_EMPTY_BODY = YES;
				CLANG_WARN_ENUM_CONVERSION = YES;
				CLANG_WARN_INT_CONVERSION = YES;
				CLANG_WARN_OBJC_ROOT_CLASS = YES_ERROR;
				CLANG_WARN_UNREACHABLE_CODE = YES;
				CLANG_WARN__DUPLICATE_METHOD_MATCH = YES;
				"CODE_SIGN_IDENTITY[sdk=iphoneos*]" = "iPhone Developer";
				COPY_PHASE_STRIP = NO;
				DEBUG_INFORMATION_FORMAT = dwarf;
				ENABLE_STRICT_OBJC_MSGSEND = YES;
				ENABLE_TESTABILITY = YES;
				GCC_C_LANGUAGE_STANDARD = gnu99;
				GCC_DYNAMIC_NO_PIC = NO;
				GCC_NO_COMMON_BLOCKS = YES;
				GCC_OPTIMIZATION_LEVEL = 0;
				GCC_PREPROCESSOR_DEFINITIONS = (
					"DEBUG=1",
					"$(inherited)",
				);
				GCC_WARN_64_TO_32_BIT_CONVERSION = YES;
				GCC_WARN_ABOUT_RETURN_TYPE = YES_ERROR;
				GCC_WARN_UNDECLARED_SELECTOR = YES;
				GCC_WARN_UNINITIALIZED_AUTOS = YES_AGGRESSIVE;
				GCC_WARN_UNUSED_FUNCTION = YES;
				GCC_WARN_UNUSED_VARIABLE = YES;
				IPHONEOS_DEPLOYMENT_TARGET = 9.3;
				MTL_ENABLE_DEBUG_INFO = YES;
				ONLY_ACTIVE_ARCH = YES;
				SDKROOT = iphoneos;
				SWIFT_OPTIMIZATION_LEVEL = "-Onone";
				TARGETED_DEVICE_FAMILY = "1,2";
			};
			name = Debug;
		};
		84D6066B1C8994D600CB5F43 /* Release */ = {
			isa = XCBuildConfiguration;
			buildSettings = {
				ALWAYS_SEARCH_USER_PATHS = NO;
				CLANG_CXX_LANGUAGE_STANDARD = "gnu++0x";
				CLANG_CXX_LIBRARY = "libc++";
				CLANG_ENABLE_MODULES = YES;
				CLANG_ENABLE_OBJC_ARC = YES;
				CLANG_WARN_BOOL_CONVERSION = YES;
				CLANG_WARN_CONSTANT_CONVERSION = YES;
				CLANG_WARN_DIRECT_OBJC_ISA_USAGE = YES_ERROR;
				CLANG_WARN_EMPTY_BODY = YES;
				CLANG_WARN_ENUM_CONVERSION = YES;
				CLANG_WARN_INT_CONVERSION = YES;
				CLANG_WARN_OBJC_ROOT_CLASS = YES_ERROR;
				CLANG_WARN_UNREACHABLE_CODE = YES;
				CLANG_WARN__DUPLICATE_METHOD_MATCH = YES;
				"CODE_SIGN_IDENTITY[sdk=iphoneos*]" = "iPhone Developer";
				COPY_PHASE_STRIP = NO;
				DEBUG_INFORMATION_FORMAT = "dwarf-with-dsym";
				ENABLE_NS_ASSERTIONS = NO;
				ENABLE_STRICT_OBJC_MSGSEND = YES;
				GCC_C_LANGUAGE_STANDARD = gnu99;
				GCC_NO_COMMON_BLOCKS = YES;
				GCC_WARN_64_TO_32_BIT_CONVERSION = YES;
				GCC_WARN_ABOUT_RETURN_TYPE = YES_ERROR;
				GCC_WARN_UNDECLARED_SELECTOR = YES;
				GCC_WARN_UNINITIALIZED_AUTOS = YES_AGGRESSIVE;
				GCC_WARN_UNUSED_FUNCTION = YES;
				GCC_WARN_UNUSED_VARIABLE = YES;
				IPHONEOS_DEPLOYMENT_TARGET = 9.3;
				MTL_ENABLE_DEBUG_INFO = NO;
				SDKROOT = iphoneos;
				TARGETED_DEVICE_FAMILY = "1,2";
				VALIDATE_PRODUCT = YES;
			};
			name = Release;
		};
		84D6066D1C8994D600CB5F43 /* Debug */ = {
			isa = XCBuildConfiguration;
			buildSettings = {
				ASSETCATALOG_COMPILER_APPICON_NAME = AppIcon;
				INFOPLIST_FILE = "swift-web-request/Info.plist";
				LD_RUNPATH_SEARCH_PATHS = "$(inherited) @executable_path/Frameworks";
				PRODUCT_BUNDLE_IDENTIFIER = "Svyrydov.swift-web-request";
				PRODUCT_NAME = "$(TARGET_NAME)";
			};
			name = Debug;
		};
		84D6066E1C8994D600CB5F43 /* Release */ = {
			isa = XCBuildConfiguration;
			buildSettings = {
				ASSETCATALOG_COMPILER_APPICON_NAME = AppIcon;
				INFOPLIST_FILE = "swift-web-request/Info.plist";
				LD_RUNPATH_SEARCH_PATHS = "$(inherited) @executable_path/Frameworks";
				PRODUCT_BUNDLE_IDENTIFIER = "Svyrydov.swift-web-request";
				PRODUCT_NAME = "$(TARGET_NAME)";
			};
			name = Release;
		};
		84D606701C8994D600CB5F43 /* Debug */ = {
			isa = XCBuildConfiguration;
			buildSettings = {
				BUNDLE_LOADER = "$(TEST_HOST)";
				INFOPLIST_FILE = "swift-web-requestTests/Info.plist";
				LD_RUNPATH_SEARCH_PATHS = "$(inherited) @executable_path/Frameworks @loader_path/Frameworks";
				PRODUCT_BUNDLE_IDENTIFIER = "Svyrydov.swift-web-requestTests";
				PRODUCT_NAME = "$(TARGET_NAME)";
				TEST_HOST = "$(BUILT_PRODUCTS_DIR)/swift-web-request.app/swift-web-request";
			};
			name = Debug;
		};
		84D606711C8994D600CB5F43 /* Release */ = {
			isa = XCBuildConfiguration;
			buildSettings = {
				BUNDLE_LOADER = "$(TEST_HOST)";
				INFOPLIST_FILE = "swift-web-requestTests/Info.plist";
				LD_RUNPATH_SEARCH_PATHS = "$(inherited) @executable_path/Frameworks @loader_path/Frameworks";
				PRODUCT_BUNDLE_IDENTIFIER = "Svyrydov.swift-web-requestTests";
				PRODUCT_NAME = "$(TARGET_NAME)";
				TEST_HOST = "$(BUILT_PRODUCTS_DIR)/swift-web-request.app/swift-web-request";
			};
			name = Release;
		};
		84D606731C8994D600CB5F43 /* Debug */ = {
			isa = XCBuildConfiguration;
			buildSettings = {
				INFOPLIST_FILE = "swift-web-requestUITests/Info.plist";
				LD_RUNPATH_SEARCH_PATHS = "$(inherited) @executable_path/Frameworks @loader_path/Frameworks";
				PRODUCT_BUNDLE_IDENTIFIER = "Svyrydov.swift-web-requestUITests";
				PRODUCT_NAME = "$(TARGET_NAME)";
				TEST_TARGET_NAME = "swift-web-request";
			};
			name = Debug;
		};
		84D606741C8994D600CB5F43 /* Release */ = {
			isa = XCBuildConfiguration;
			buildSettings = {
				INFOPLIST_FILE = "swift-web-requestUITests/Info.plist";
				LD_RUNPATH_SEARCH_PATHS = "$(inherited) @executable_path/Frameworks @loader_path/Frameworks";
				PRODUCT_BUNDLE_IDENTIFIER = "Svyrydov.swift-web-requestUITests";
				PRODUCT_NAME = "$(TARGET_NAME)";
				TEST_TARGET_NAME = "swift-web-request";
			};
			name = Release;
		};
/* End XCBuildConfiguration section */

/* Begin XCConfigurationList section */
		84D6063F1C8994D600CB5F43 /* Build configuration list for PBXProject "swift-web-request" */ = {
			isa = XCConfigurationList;
			buildConfigurations = (
				84D6066A1C8994D600CB5F43 /* Debug */,
				84D6066B1C8994D600CB5F43 /* Release */,
			);
			defaultConfigurationIsVisible = 0;
			defaultConfigurationName = Release;
		};
		84D6066C1C8994D600CB5F43 /* Build configuration list for PBXNativeTarget "swift-web-request" */ = {
			isa = XCConfigurationList;
			buildConfigurations = (
				84D6066D1C8994D600CB5F43 /* Debug */,
				84D6066E1C8994D600CB5F43 /* Release */,
			);
			defaultConfigurationIsVisible = 0;
		};
		84D6066F1C8994D600CB5F43 /* Build configuration list for PBXNativeTarget "swift-web-requestTests" */ = {
			isa = XCConfigurationList;
			buildConfigurations = (
				84D606701C8994D600CB5F43 /* Debug */,
				84D606711C8994D600CB5F43 /* Release */,
			);
			defaultConfigurationIsVisible = 0;
		};
		84D606721C8994D600CB5F43 /* Build configuration list for PBXNativeTarget "swift-web-requestUITests" */ = {
			isa = XCConfigurationList;
			buildConfigurations = (
				84D606731C8994D600CB5F43 /* Debug */,
				84D606741C8994D600CB5F43 /* Release */,
			);
			defaultConfigurationIsVisible = 0;
		};
/* End XCConfigurationList section */
	};
	rootObject = 84D6063C1C8994D600CB5F43 /* Project object */;
}
